
Microsoft Visual Studio Solution File, Format Version 12.00
# Visual Studio 15
VisualStudioVersion = 15.0.27428.2043
MinimumVisualStudioVersion = 10.0.40219.1
Project("{FAE04EC0-301F-11D3-BF4B-00C04F79EFBC}") = "Quicksort_experiment", "Quicksort_experiment\Quicksort_experiment.csproj", "{887F2A11-5177-4656-97F6-653ABB72C66F}"
EndProject
Global
	GlobalSection(SolutionConfigurationPlatforms) = preSolution
		Debug|Any CPU = Debug|Any CPU
		Release|Any CPU = Release|Any CPU
	EndGlobalSection
	GlobalSection(ProjectConfigurationPlatforms) = postSolution
		{887F2A11-5177-4656-97F6-653ABB72C66F}.Debug|Any CPU.ActiveCfg = Debug|Any CPU
		{887F2A11-5177-4656-97F6-653ABB72C66F}.Debug|Any CPU.Build.0 = Debug|Any CPU
		{887F2A11-5177-4656-97F6-653ABB72C66F}.Release|Any CPU.ActiveCfg = Release|Any CPU
		{887F2A11-5177-4656-97F6-653ABB72C66F}.Release|Any CPU.Build.0 = Release|Any CPU
	EndGlobalSection
	GlobalSection(SolutionProperties) = preSolution
		HideSolutionNode = FALSE
	EndGlobalSection
	GlobalSection(ExtensibilityGlobals) = postSolution
		SolutionGuid = {8DA807D5-BF40-46E5-A437-93598F339898}
	EndGlobalSection
EndGlobal
